// !$*UTF8*$!
{
	archiveVersion = 1;
	classes = {
	};
	objectVersion = 56;
	objects = {

/* Begin PBXBuildFile section */
		805E30212D19AF5F0058B373 /* StatisticsViewController.swift in Sources */ = {isa = PBXBuildFile; fileRef = 805E30202D19AF5F0058B373 /* StatisticsViewController.swift */; };
		805E30292D19C9A60058B373 /* ChartViewModel.swift in Sources */ = {isa = PBXBuildFile; fileRef = 805E30282D19C9A60058B373 /* ChartViewModel.swift */; };
		805E302A2D19CB8E0058B373 /* StatisticsViewController.swift in Sources */ = {isa = PBXBuildFile; fileRef = 805E30202D19AF5F0058B373 /* StatisticsViewController.swift */; };
		805E302D2D19D36F0058B373 /* DGCharts in Frameworks */ = {isa = PBXBuildFile; productRef = 805E302C2D19D36F0058B373 /* DGCharts */; };
		805E302F2D19D73A0058B373 /* CustomTableViewCell.swift in Sources */ = {isa = PBXBuildFile; fileRef = 805E302E2D19D73A0058B373 /* CustomTableViewCell.swift */; };
		805E30312D19DAB50058B373 /* CustomUINavigationBar.swift in Sources */ = {isa = PBXBuildFile; fileRef = 805E30302D19DAB50058B373 /* CustomUINavigationBar.swift */; };
		805E30332D19E3EF0058B373 /* File.swift in Sources */ = {isa = PBXBuildFile; fileRef = 805E30322D19E3EF0058B373 /* File.swift */; };
		8062722E2D09529E001F3A4B /* RegistrationController.swift in Sources */ = {isa = PBXBuildFile; fileRef = 8062722D2D09529E001F3A4B /* RegistrationController.swift */; };
		806272302D095553001F3A4B /* LogInController.swift in Sources */ = {isa = PBXBuildFile; fileRef = 8062722F2D095553001F3A4B /* LogInController.swift */; };
		8062723A2D119DC3001F3A4B /* SnapKit in Frameworks */ = {isa = PBXBuildFile; productRef = 806272392D119DC3001F3A4B /* SnapKit */; };
		806AE2852D132AF3005ECCC7 /* LoginView.swift in Sources */ = {isa = PBXBuildFile; fileRef = 806AE2842D132AF3005ECCC7 /* LoginView.swift */; };
		806AE2872D132E1B005ECCC7 /* AnimatedTextField.swift in Sources */ = {isa = PBXBuildFile; fileRef = 806AE2862D132E1B005ECCC7 /* AnimatedTextField.swift */; };
		806AE28A2D133508005ECCC7 /* LoginViewModel.swift in Sources */ = {isa = PBXBuildFile; fileRef = 806AE2892D133508005ECCC7 /* LoginViewModel.swift */; };
		806AE28C2D13387C005ECCC7 /* RegistrationView.swift in Sources */ = {isa = PBXBuildFile; fileRef = 806AE28B2D13387C005ECCC7 /* RegistrationView.swift */; };
		806AE28E2D13436F005ECCC7 /* RegistationModel.swift in Sources */ = {isa = PBXBuildFile; fileRef = 806AE28D2D13436F005ECCC7 /* RegistationModel.swift */; };
		806AE2922D140180005ECCC7 /* GameView.swift in Sources */ = {isa = PBXBuildFile; fileRef = 806AE2912D140180005ECCC7 /* GameView.swift */; };
		806AE2942D1401A7005ECCC7 /* MainView.swift in Sources */ = {isa = PBXBuildFile; fileRef = 806AE2932D1401A7005ECCC7 /* MainView.swift */; };
		806AE2962D1401CC005ECCC7 /* ResultView.swift in Sources */ = {isa = PBXBuildFile; fileRef = 806AE2952D1401CC005ECCC7 /* ResultView.swift */; };
		806AE2982D140247005ECCC7 /* ResultGameController.swift in Sources */ = {isa = PBXBuildFile; fileRef = 806AE2972D140247005ECCC7 /* ResultGameController.swift */; };
		806AE29A2D1411F3005ECCC7 /* DocumentController.swift in Sources */ = {isa = PBXBuildFile; fileRef = 806AE2992D1411F2005ECCC7 /* DocumentController.swift */; };
		806AE29C2D14120B005ECCC7 /* HistoryController.swift in Sources */ = {isa = PBXBuildFile; fileRef = 806AE29B2D14120B005ECCC7 /* HistoryController.swift */; };
		806AE29E2D1412D0005ECCC7 /* FirebaseDatabase in Frameworks */ = {isa = PBXBuildFile; productRef = 806AE29D2D1412D0005ECCC7 /* FirebaseDatabase */; };
		806AE2A02D14741E005ECCC7 /* ProfileView.swift in Sources */ = {isa = PBXBuildFile; fileRef = 806AE29F2D14741E005ECCC7 /* ProfileView.swift */; };
		806AE2A22D14795D005ECCC7 /* CustomSegmented.swift in Sources */ = {isa = PBXBuildFile; fileRef = 806AE2A12D14795D005ECCC7 /* CustomSegmented.swift */; };
		806AE2A42D153DBB005ECCC7 /* ProfileController.swift in Sources */ = {isa = PBXBuildFile; fileRef = 806AE2A32D153DBB005ECCC7 /* ProfileController.swift */; };
		806AE2A62D154375005ECCC7 /* GameViewModel.swift in Sources */ = {isa = PBXBuildFile; fileRef = 806AE2A52D154375005ECCC7 /* GameViewModel.swift */; };
		806AE2A72D1544DA005ECCC7 /* GameViewModel.swift in Sources */ = {isa = PBXBuildFile; fileRef = 806AE2A52D154375005ECCC7 /* GameViewModel.swift */; };
		806AE2A92D196D2B005ECCC7 /* Rules.html in Resources */ = {isa = PBXBuildFile; fileRef = 806AE2A82D196C3F005ECCC7 /* Rules.html */; };
		8073E03A2D0057B200A8FE77 /* TabBarController.swift in Sources */ = {isa = PBXBuildFile; fileRef = 8073E0392D0057B200A8FE77 /* TabBarController.swift */; };
		8073E0412D00591B00A8FE77 /* MainController.swift in Sources */ = {isa = PBXBuildFile; fileRef = 8073E0402D00591B00A8FE77 /* MainController.swift */; };
		8073E0432D00593300A8FE77 /* StatisticsViewModel.swift in Sources */ = {isa = PBXBuildFile; fileRef = 8073E0422D00593300A8FE77 /* StatisticsViewModel.swift */; };
		8073E04F2D005C9500A8FE77 /* tilda-sans_light.ttf in Resources */ = {isa = PBXBuildFile; fileRef = 8073E0472D005C9500A8FE77 /* tilda-sans_light.ttf */; };
		8073E0502D005C9500A8FE77 /* tilda-sans_bold.ttf in Resources */ = {isa = PBXBuildFile; fileRef = 8073E0482D005C9500A8FE77 /* tilda-sans_bold.ttf */; };
		8073E0512D005C9500A8FE77 /* tilda-sans_extra-bold-.ttf in Resources */ = {isa = PBXBuildFile; fileRef = 8073E0492D005C9500A8FE77 /* tilda-sans_extra-bold-.ttf */; };
		8073E0522D005C9500A8FE77 /* tilda-sans_semibold.ttf in Resources */ = {isa = PBXBuildFile; fileRef = 8073E04A2D005C9500A8FE77 /* tilda-sans_semibold.ttf */; };
		8073E0532D005C9500A8FE77 /* tilda-sans_black.ttf in Resources */ = {isa = PBXBuildFile; fileRef = 8073E04B2D005C9500A8FE77 /* tilda-sans_black.ttf */; };
		8073E0542D005C9500A8FE77 /* tilda-sans_vf.ttf in Resources */ = {isa = PBXBuildFile; fileRef = 8073E04C2D005C9500A8FE77 /* tilda-sans_vf.ttf */; };
		8073E0552D005C9500A8FE77 /* tilda-sans_regular.ttf in Resources */ = {isa = PBXBuildFile; fileRef = 8073E04D2D005C9500A8FE77 /* tilda-sans_regular.ttf */; };
		8073E0562D005C9500A8FE77 /* tilda-sans_medium.ttf in Resources */ = {isa = PBXBuildFile; fileRef = 8073E04E2D005C9500A8FE77 /* tilda-sans_medium.ttf */; };
		8073E05D2D0060D200A8FE77 /* FirebaseAuth in Frameworks */ = {isa = PBXBuildFile; productRef = 8073E05C2D0060D200A8FE77 /* FirebaseAuth */; };
		8073E05F2D0060D200A8FE77 /* FirebaseCore in Frameworks */ = {isa = PBXBuildFile; productRef = 8073E05E2D0060D200A8FE77 /* FirebaseCore */; };
		8073E0612D0060D200A8FE77 /* FirebaseFirestore in Frameworks */ = {isa = PBXBuildFile; productRef = 8073E0602D0060D200A8FE77 /* FirebaseFirestore */; };
		8073E0632D0060D200A8FE77 /* FirebaseStorage in Frameworks */ = {isa = PBXBuildFile; productRef = 8073E0622D0060D200A8FE77 /* FirebaseStorage */; };
		8073E0652D0061DF00A8FE77 /* SplashViewController.swift in Sources */ = {isa = PBXBuildFile; fileRef = 8073E0642D0061DF00A8FE77 /* SplashViewController.swift */; };
		8073E0672D00793B00A8FE77 /* GoogleService-Info.plist in Resources */ = {isa = PBXBuildFile; fileRef = 8073E0662D00793B00A8FE77 /* GoogleService-Info.plist */; };
		8073E06B2D007B6F00A8FE77 /* ProfileViewModel.swift in Sources */ = {isa = PBXBuildFile; fileRef = 8073E06A2D007B6F00A8FE77 /* ProfileViewModel.swift */; };
		8073E06D2D007C7500A8FE77 /* StatisModel.swift in Sources */ = {isa = PBXBuildFile; fileRef = 8073E06C2D007C7500A8FE77 /* StatisModel.swift */; };
		80FDABB22CFE124400216637 /* AppDelegate.swift in Sources */ = {isa = PBXBuildFile; fileRef = 80FDABB12CFE124400216637 /* AppDelegate.swift */; };
		80FDABB42CFE124400216637 /* SceneDelegate.swift in Sources */ = {isa = PBXBuildFile; fileRef = 80FDABB32CFE124400216637 /* SceneDelegate.swift */; };
		80FDABB62CFE124400216637 /* GameViewController.swift in Sources */ = {isa = PBXBuildFile; fileRef = 80FDABB52CFE124400216637 /* GameViewController.swift */; };
		80FDABBB2CFE124B00216637 /* Assets.xcassets in Resources */ = {isa = PBXBuildFile; fileRef = 80FDABBA2CFE124B00216637 /* Assets.xcassets */; };
		80FDABBE2CFE124B00216637 /* LaunchScreen.storyboard in Resources */ = {isa = PBXBuildFile; fileRef = 80FDABBC2CFE124B00216637 /* LaunchScreen.storyboard */; };
		80FDABC92CFE124B00216637 /* SocialMediaKstuTests.swift in Sources */ = {isa = PBXBuildFile; fileRef = 80FDABC82CFE124B00216637 /* SocialMediaKstuTests.swift */; };
		80FDABD32CFE124C00216637 /* SocialMediaKstuUITests.swift in Sources */ = {isa = PBXBuildFile; fileRef = 80FDABD22CFE124C00216637 /* SocialMediaKstuUITests.swift */; };
		80FDABD52CFE124C00216637 /* SocialMediaKstuUITestsLaunchTests.swift in Sources */ = {isa = PBXBuildFile; fileRef = 80FDABD42CFE124C00216637 /* SocialMediaKstuUITestsLaunchTests.swift */; };
/* End PBXBuildFile section */

/* Begin PBXContainerItemProxy section */
		80FDABC52CFE124B00216637 /* PBXContainerItemProxy */ = {
			isa = PBXContainerItemProxy;
			containerPortal = 80FDABA62CFE124400216637 /* Project object */;
			proxyType = 1;
			remoteGlobalIDString = 80FDABAD2CFE124400216637;
			remoteInfo = SocialMediaKstu;
		};
		80FDABCF2CFE124C00216637 /* PBXContainerItemProxy */ = {
			isa = PBXContainerItemProxy;
			containerPortal = 80FDABA62CFE124400216637 /* Project object */;
			proxyType = 1;
			remoteGlobalIDString = 80FDABAD2CFE124400216637;
			remoteInfo = SocialMediaKstu;
		};
/* End PBXContainerItemProxy section */

/* Begin PBXCopyFilesBuildPhase section */
		806272322D118A05001F3A4B /* Embed Frameworks */ = {
			isa = PBXCopyFilesBuildPhase;
			buildActionMask = 2147483647;
			dstPath = "";
			dstSubfolderSpec = 10;
			files = (
			);
			name = "Embed Frameworks";
			runOnlyForDeploymentPostprocessing = 0;
		};
/* End PBXCopyFilesBuildPhase section */

/* Begin PBXFileReference section */
		805E301F2D198AE20058B373 /* en */ = {isa = PBXFileReference; lastKnownFileType = text.plist.strings; name = en; path = en.lproj/LaunchScreen.strings; sourceTree = "<group>"; };
		805E30202D19AF5F0058B373 /* StatisticsViewController.swift */ = {isa = PBXFileReference; lastKnownFileType = sourcecode.swift; path = StatisticsViewController.swift; sourceTree = "<group>"; };
		805E30262D19C76E0058B373 /* Charts.framework */ = {isa = PBXFileReference; lastKnownFileType = wrapper.framework; name = Charts.framework; path = System/Library/Frameworks/Charts.framework; sourceTree = SDKROOT; };
		805E30282D19C9A60058B373 /* ChartViewModel.swift */ = {isa = PBXFileReference; lastKnownFileType = sourcecode.swift; path = ChartViewModel.swift; sourceTree = "<group>"; };
		805E302E2D19D73A0058B373 /* CustomTableViewCell.swift */ = {isa = PBXFileReference; lastKnownFileType = sourcecode.swift; path = CustomTableViewCell.swift; sourceTree = "<group>"; };
		805E30302D19DAB50058B373 /* CustomUINavigationBar.swift */ = {isa = PBXFileReference; lastKnownFileType = sourcecode.swift; path = CustomUINavigationBar.swift; sourceTree = "<group>"; };
		805E30322D19E3EF0058B373 /* File.swift */ = {isa = PBXFileReference; lastKnownFileType = sourcecode.swift; path = File.swift; sourceTree = "<group>"; };
		8062722D2D09529E001F3A4B /* RegistrationController.swift */ = {isa = PBXFileReference; lastKnownFileType = sourcecode.swift; path = RegistrationController.swift; sourceTree = "<group>"; };
		8062722F2D095553001F3A4B /* LogInController.swift */ = {isa = PBXFileReference; lastKnownFileType = sourcecode.swift; path = LogInController.swift; sourceTree = "<group>"; };
		806AE2842D132AF3005ECCC7 /* LoginView.swift */ = {isa = PBXFileReference; lastKnownFileType = sourcecode.swift; path = LoginView.swift; sourceTree = "<group>"; };
		806AE2862D132E1B005ECCC7 /* AnimatedTextField.swift */ = {isa = PBXFileReference; lastKnownFileType = sourcecode.swift; path = AnimatedTextField.swift; sourceTree = "<group>"; };
		806AE2892D133508005ECCC7 /* LoginViewModel.swift */ = {isa = PBXFileReference; lastKnownFileType = sourcecode.swift; path = LoginViewModel.swift; sourceTree = "<group>"; };
		806AE28B2D13387C005ECCC7 /* RegistrationView.swift */ = {isa = PBXFileReference; lastKnownFileType = sourcecode.swift; path = RegistrationView.swift; sourceTree = "<group>"; };
		806AE28D2D13436F005ECCC7 /* RegistationModel.swift */ = {isa = PBXFileReference; lastKnownFileType = sourcecode.swift; path = RegistationModel.swift; sourceTree = "<group>"; };
		806AE2912D140180005ECCC7 /* GameView.swift */ = {isa = PBXFileReference; lastKnownFileType = sourcecode.swift; path = GameView.swift; sourceTree = "<group>"; };
		806AE2932D1401A7005ECCC7 /* MainView.swift */ = {isa = PBXFileReference; lastKnownFileType = sourcecode.swift; path = MainView.swift; sourceTree = "<group>"; };
		806AE2952D1401CC005ECCC7 /* ResultView.swift */ = {isa = PBXFileReference; lastKnownFileType = sourcecode.swift; path = ResultView.swift; sourceTree = "<group>"; };
		806AE2972D140247005ECCC7 /* ResultGameController.swift */ = {isa = PBXFileReference; lastKnownFileType = sourcecode.swift; path = ResultGameController.swift; sourceTree = "<group>"; };
		806AE2992D1411F2005ECCC7 /* DocumentController.swift */ = {isa = PBXFileReference; lastKnownFileType = sourcecode.swift; path = DocumentController.swift; sourceTree = "<group>"; };
		806AE29B2D14120B005ECCC7 /* HistoryController.swift */ = {isa = PBXFileReference; lastKnownFileType = sourcecode.swift; path = HistoryController.swift; sourceTree = "<group>"; };
		806AE29F2D14741E005ECCC7 /* ProfileView.swift */ = {isa = PBXFileReference; lastKnownFileType = sourcecode.swift; path = ProfileView.swift; sourceTree = "<group>"; };
		806AE2A12D14795D005ECCC7 /* CustomSegmented.swift */ = {isa = PBXFileReference; lastKnownFileType = sourcecode.swift; path = CustomSegmented.swift; sourceTree = "<group>"; };
		806AE2A32D153DBB005ECCC7 /* ProfileController.swift */ = {isa = PBXFileReference; lastKnownFileType = sourcecode.swift; path = ProfileController.swift; sourceTree = "<group>"; };
		806AE2A52D154375005ECCC7 /* GameViewModel.swift */ = {isa = PBXFileReference; lastKnownFileType = sourcecode.swift; path = GameViewModel.swift; sourceTree = "<group>"; };
		806AE2A82D196C3F005ECCC7 /* Rules.html */ = {isa = PBXFileReference; lastKnownFileType = text.html; path = Rules.html; sourceTree = "<group>"; };
		8073E0392D0057B200A8FE77 /* TabBarController.swift */ = {isa = PBXFileReference; lastKnownFileType = sourcecode.swift; path = TabBarController.swift; sourceTree = "<group>"; };
		8073E0402D00591B00A8FE77 /* MainController.swift */ = {isa = PBXFileReference; lastKnownFileType = sourcecode.swift; path = MainController.swift; sourceTree = "<group>"; };
		8073E0422D00593300A8FE77 /* StatisticsViewModel.swift */ = {isa = PBXFileReference; lastKnownFileType = sourcecode.swift; path = StatisticsViewModel.swift; sourceTree = "<group>"; };
		8073E0472D005C9500A8FE77 /* tilda-sans_light.ttf */ = {isa = PBXFileReference; lastKnownFileType = file; path = "tilda-sans_light.ttf"; sourceTree = "<group>"; };
		8073E0482D005C9500A8FE77 /* tilda-sans_bold.ttf */ = {isa = PBXFileReference; lastKnownFileType = file; path = "tilda-sans_bold.ttf"; sourceTree = "<group>"; };
		8073E0492D005C9500A8FE77 /* tilda-sans_extra-bold-.ttf */ = {isa = PBXFileReference; lastKnownFileType = file; path = "tilda-sans_extra-bold-.ttf"; sourceTree = "<group>"; };
		8073E04A2D005C9500A8FE77 /* tilda-sans_semibold.ttf */ = {isa = PBXFileReference; lastKnownFileType = file; path = "tilda-sans_semibold.ttf"; sourceTree = "<group>"; };
		8073E04B2D005C9500A8FE77 /* tilda-sans_black.ttf */ = {isa = PBXFileReference; lastKnownFileType = file; path = "tilda-sans_black.ttf"; sourceTree = "<group>"; };
		8073E04C2D005C9500A8FE77 /* tilda-sans_vf.ttf */ = {isa = PBXFileReference; lastKnownFileType = file; path = "tilda-sans_vf.ttf"; sourceTree = "<group>"; };
		8073E04D2D005C9500A8FE77 /* tilda-sans_regular.ttf */ = {isa = PBXFileReference; lastKnownFileType = file; path = "tilda-sans_regular.ttf"; sourceTree = "<group>"; };
		8073E04E2D005C9500A8FE77 /* tilda-sans_medium.ttf */ = {isa = PBXFileReference; lastKnownFileType = file; path = "tilda-sans_medium.ttf"; sourceTree = "<group>"; };
		8073E0642D0061DF00A8FE77 /* SplashViewController.swift */ = {isa = PBXFileReference; lastKnownFileType = sourcecode.swift; path = SplashViewController.swift; sourceTree = "<group>"; };
		8073E0662D00793B00A8FE77 /* GoogleService-Info.plist */ = {isa = PBXFileReference; fileEncoding = 4; lastKnownFileType = text.plist.xml; path = "GoogleService-Info.plist"; sourceTree = "<group>"; };
		8073E06A2D007B6F00A8FE77 /* ProfileViewModel.swift */ = {isa = PBXFileReference; lastKnownFileType = sourcecode.swift; path = ProfileViewModel.swift; sourceTree = "<group>"; };
		8073E06C2D007C7500A8FE77 /* StatisModel.swift */ = {isa = PBXFileReference; lastKnownFileType = sourcecode.swift; path = StatisModel.swift; sourceTree = "<group>"; };
		80FDABAE2CFE124400216637 /* SocialMediaKstu.app */ = {isa = PBXFileReference; explicitFileType = wrapper.application; includeInIndex = 0; path = SocialMediaKstu.app; sourceTree = BUILT_PRODUCTS_DIR; };
		80FDABB12CFE124400216637 /* AppDelegate.swift */ = {isa = PBXFileReference; lastKnownFileType = sourcecode.swift; path = AppDelegate.swift; sourceTree = "<group>"; };
		80FDABB32CFE124400216637 /* SceneDelegate.swift */ = {isa = PBXFileReference; lastKnownFileType = sourcecode.swift; path = SceneDelegate.swift; sourceTree = "<group>"; };
		80FDABB52CFE124400216637 /* GameViewController.swift */ = {isa = PBXFileReference; lastKnownFileType = sourcecode.swift; path = GameViewController.swift; sourceTree = "<group>"; };
		80FDABBA2CFE124B00216637 /* Assets.xcassets */ = {isa = PBXFileReference; lastKnownFileType = folder.assetcatalog; path = Assets.xcassets; sourceTree = "<group>"; };
		80FDABBD2CFE124B00216637 /* Base */ = {isa = PBXFileReference; lastKnownFileType = file.storyboard; name = Base; path = Base.lproj/LaunchScreen.storyboard; sourceTree = "<group>"; };
		80FDABBF2CFE124B00216637 /* Info.plist */ = {isa = PBXFileReference; lastKnownFileType = text.plist.xml; path = Info.plist; sourceTree = "<group>"; };
		80FDABC42CFE124B00216637 /* SocialMediaKstuTests.xctest */ = {isa = PBXFileReference; explicitFileType = wrapper.cfbundle; includeInIndex = 0; path = SocialMediaKstuTests.xctest; sourceTree = BUILT_PRODUCTS_DIR; };
		80FDABC82CFE124B00216637 /* SocialMediaKstuTests.swift */ = {isa = PBXFileReference; lastKnownFileType = sourcecode.swift; path = SocialMediaKstuTests.swift; sourceTree = "<group>"; };
		80FDABCE2CFE124C00216637 /* SocialMediaKstuUITests.xctest */ = {isa = PBXFileReference; explicitFileType = wrapper.cfbundle; includeInIndex = 0; path = SocialMediaKstuUITests.xctest; sourceTree = BUILT_PRODUCTS_DIR; };
		80FDABD22CFE124C00216637 /* SocialMediaKstuUITests.swift */ = {isa = PBXFileReference; lastKnownFileType = sourcecode.swift; path = SocialMediaKstuUITests.swift; sourceTree = "<group>"; };
		80FDABD42CFE124C00216637 /* SocialMediaKstuUITestsLaunchTests.swift */ = {isa = PBXFileReference; lastKnownFileType = sourcecode.swift; path = SocialMediaKstuUITestsLaunchTests.swift; sourceTree = "<group>"; };
/* End PBXFileReference section */

/* Begin PBXFrameworksBuildPhase section */
		80FDABAB2CFE124400216637 /* Frameworks */ = {
			isa = PBXFrameworksBuildPhase;
			buildActionMask = 2147483647;
			files = (
				806AE29E2D1412D0005ECCC7 /* FirebaseDatabase in Frameworks */,
				8073E05D2D0060D200A8FE77 /* FirebaseAuth in Frameworks */,
				8073E05F2D0060D200A8FE77 /* FirebaseCore in Frameworks */,
				8073E0612D0060D200A8FE77 /* FirebaseFirestore in Frameworks */,
				8073E0632D0060D200A8FE77 /* FirebaseStorage in Frameworks */,
				805E302D2D19D36F0058B373 /* DGCharts in Frameworks */,
				8062723A2D119DC3001F3A4B /* SnapKit in Frameworks */,
			);
			runOnlyForDeploymentPostprocessing = 0;
		};
		80FDABC12CFE124B00216637 /* Frameworks */ = {
			isa = PBXFrameworksBuildPhase;
			buildActionMask = 2147483647;
			files = (
			);
			runOnlyForDeploymentPostprocessing = 0;
		};
		80FDABCB2CFE124C00216637 /* Frameworks */ = {
			isa = PBXFrameworksBuildPhase;
			buildActionMask = 2147483647;
			files = (
			);
			runOnlyForDeploymentPostprocessing = 0;
		};
/* End PBXFrameworksBuildPhase section */

/* Begin PBXGroup section */
		805E30252D19C76D0058B373 /* Frameworks */ = {
			isa = PBXGroup;
			children = (
				805E30262D19C76E0058B373 /* Charts.framework */,
			);
			name = Frameworks;
			sourceTree = "<group>";
		};
		806AE2882D132E3F005ECCC7 /* Custom */ = {
			isa = PBXGroup;
			children = (
				806AE2862D132E1B005ECCC7 /* AnimatedTextField.swift */,
				806AE2A12D14795D005ECCC7 /* CustomSegmented.swift */,
				805E302E2D19D73A0058B373 /* CustomTableViewCell.swift */,
				805E30302D19DAB50058B373 /* CustomUINavigationBar.swift */,
			);
			path = Custom;
			sourceTree = "<group>";
		};
		8073E0462D005C9500A8FE77 /* Tilda-Sans */ = {
			isa = PBXGroup;
			children = (
				8073E0472D005C9500A8FE77 /* tilda-sans_light.ttf */,
				8073E0482D005C9500A8FE77 /* tilda-sans_bold.ttf */,
				8073E0492D005C9500A8FE77 /* tilda-sans_extra-bold-.ttf */,
				8073E04A2D005C9500A8FE77 /* tilda-sans_semibold.ttf */,
				8073E04B2D005C9500A8FE77 /* tilda-sans_black.ttf */,
				8073E04C2D005C9500A8FE77 /* tilda-sans_vf.ttf */,
				8073E04D2D005C9500A8FE77 /* tilda-sans_regular.ttf */,
				8073E04E2D005C9500A8FE77 /* tilda-sans_medium.ttf */,
			);
			path = "Tilda-Sans";
			sourceTree = "<group>";
		};
		8073E0572D005DE000A8FE77 /* View */ = {
			isa = PBXGroup;
			children = (
				806AE2842D132AF3005ECCC7 /* LoginView.swift */,
				806AE28B2D13387C005ECCC7 /* RegistrationView.swift */,
				806AE2912D140180005ECCC7 /* GameView.swift */,
				806AE2932D1401A7005ECCC7 /* MainView.swift */,
				806AE2952D1401CC005ECCC7 /* ResultView.swift */,
				806AE29F2D14741E005ECCC7 /* ProfileView.swift */,
			);
			path = View;
			sourceTree = "<group>";
		};
		8073E0582D005DEF00A8FE77 /* VC */ = {
			isa = PBXGroup;
			children = (
				8062722F2D095553001F3A4B /* LogInController.swift */,
				80FDABB52CFE124400216637 /* GameViewController.swift */,
				8062722D2D09529E001F3A4B /* RegistrationController.swift */,
				8073E0642D0061DF00A8FE77 /* SplashViewController.swift */,
				8073E0392D0057B200A8FE77 /* TabBarController.swift */,
				8073E0402D00591B00A8FE77 /* MainController.swift */,
				806AE2972D140247005ECCC7 /* ResultGameController.swift */,
				806AE2992D1411F2005ECCC7 /* DocumentController.swift */,
				806AE29B2D14120B005ECCC7 /* HistoryController.swift */,
				806AE2A32D153DBB005ECCC7 /* ProfileController.swift */,
				805E30202D19AF5F0058B373 /* StatisticsViewController.swift */,
				805E30322D19E3EF0058B373 /* File.swift */,
			);
			path = VC;
			sourceTree = "<group>";
		};
		8073E0592D005E1100A8FE77 /* Model */ = {
			isa = PBXGroup;
			children = (
				8073E06A2D007B6F00A8FE77 /* ProfileViewModel.swift */,
				8073E06C2D007C7500A8FE77 /* StatisModel.swift */,
				806AE2892D133508005ECCC7 /* LoginViewModel.swift */,
				806AE28D2D13436F005ECCC7 /* RegistationModel.swift */,
				806AE2A52D154375005ECCC7 /* GameViewModel.swift */,
				8073E0422D00593300A8FE77 /* StatisticsViewModel.swift */,
				805E30282D19C9A60058B373 /* ChartViewModel.swift */,
			);
			path = Model;
			sourceTree = "<group>";
		};
		8073E05A2D005E2000A8FE77 /* Others */ = {
			isa = PBXGroup;
			children = (
				80FDABBA2CFE124B00216637 /* Assets.xcassets */,
				8073E0462D005C9500A8FE77 /* Tilda-Sans */,
			);
			path = Others;
			sourceTree = "<group>";
		};
		80FDABA52CFE124400216637 = {
			isa = PBXGroup;
			children = (
				80FDABB02CFE124400216637 /* SocialMediaKstu */,
				80FDABC72CFE124B00216637 /* SocialMediaKstuTests */,
				80FDABD12CFE124C00216637 /* SocialMediaKstuUITests */,
				80FDABAF2CFE124400216637 /* Products */,
				805E30252D19C76D0058B373 /* Frameworks */,
			);
			sourceTree = "<group>";
		};
		80FDABAF2CFE124400216637 /* Products */ = {
			isa = PBXGroup;
			children = (
				80FDABAE2CFE124400216637 /* SocialMediaKstu.app */,
				80FDABC42CFE124B00216637 /* SocialMediaKstuTests.xctest */,
				80FDABCE2CFE124C00216637 /* SocialMediaKstuUITests.xctest */,
			);
			name = Products;
			sourceTree = "<group>";
		};
		80FDABB02CFE124400216637 /* SocialMediaKstu */ = {
			isa = PBXGroup;
			children = (
				806AE2882D132E3F005ECCC7 /* Custom */,
				8073E0662D00793B00A8FE77 /* GoogleService-Info.plist */,
				8073E05A2D005E2000A8FE77 /* Others */,
				8073E0592D005E1100A8FE77 /* Model */,
				8073E0582D005DEF00A8FE77 /* VC */,
				8073E0572D005DE000A8FE77 /* View */,
				80FDABB12CFE124400216637 /* AppDelegate.swift */,
				80FDABB32CFE124400216637 /* SceneDelegate.swift */,
				80FDABBC2CFE124B00216637 /* LaunchScreen.storyboard */,
				80FDABBF2CFE124B00216637 /* Info.plist */,
				806AE2A82D196C3F005ECCC7 /* Rules.html */,
			);
			path = SocialMediaKstu;
			sourceTree = "<group>";
		};
		80FDABC72CFE124B00216637 /* SocialMediaKstuTests */ = {
			isa = PBXGroup;
			children = (
				80FDABC82CFE124B00216637 /* SocialMediaKstuTests.swift */,
			);
			path = SocialMediaKstuTests;
			sourceTree = "<group>";
		};
		80FDABD12CFE124C00216637 /* SocialMediaKstuUITests */ = {
			isa = PBXGroup;
			children = (
				80FDABD22CFE124C00216637 /* SocialMediaKstuUITests.swift */,
				80FDABD42CFE124C00216637 /* SocialMediaKstuUITestsLaunchTests.swift */,
			);
			path = SocialMediaKstuUITests;
			sourceTree = "<group>";
		};
/* End PBXGroup section */

/* Begin PBXNativeTarget section */
		80FDABAD2CFE124400216637 /* SocialMediaKstu */ = {
			isa = PBXNativeTarget;
			buildConfigurationList = 80FDABD82CFE124C00216637 /* Build configuration list for PBXNativeTarget "SocialMediaKstu" */;
			buildPhases = (
				80FDABAA2CFE124400216637 /* Sources */,
				80FDABAB2CFE124400216637 /* Frameworks */,
				806272322D118A05001F3A4B /* Embed Frameworks */,
				80FDABAC2CFE124400216637 /* Resources */,
			);
			buildRules = (
			);
			dependencies = (
			);
			name = SocialMediaKstu;
			packageProductDependencies = (
				8073E05C2D0060D200A8FE77 /* FirebaseAuth */,
				8073E05E2D0060D200A8FE77 /* FirebaseCore */,
				8073E0602D0060D200A8FE77 /* FirebaseFirestore */,
				8073E0622D0060D200A8FE77 /* FirebaseStorage */,
				806272392D119DC3001F3A4B /* SnapKit */,
				806AE29D2D1412D0005ECCC7 /* FirebaseDatabase */,
				805E302C2D19D36F0058B373 /* DGCharts */,
			);
			productName = SocialMediaKstu;
			productReference = 80FDABAE2CFE124400216637 /* SocialMediaKstu.app */;
			productType = "com.apple.product-type.application";
		};
		80FDABC32CFE124B00216637 /* SocialMediaKstuTests */ = {
			isa = PBXNativeTarget;
			buildConfigurationList = 80FDABDB2CFE124C00216637 /* Build configuration list for PBXNativeTarget "SocialMediaKstuTests" */;
			buildPhases = (
				80FDABC02CFE124B00216637 /* Sources */,
				80FDABC12CFE124B00216637 /* Frameworks */,
				80FDABC22CFE124B00216637 /* Resources */,
			);
			buildRules = (
			);
			dependencies = (
				80FDABC62CFE124B00216637 /* PBXTargetDependency */,
			);
			name = SocialMediaKstuTests;
			productName = SocialMediaKstuTests;
			productReference = 80FDABC42CFE124B00216637 /* SocialMediaKstuTests.xctest */;
			productType = "com.apple.product-type.bundle.unit-test";
		};
		80FDABCD2CFE124C00216637 /* SocialMediaKstuUITests */ = {
			isa = PBXNativeTarget;
			buildConfigurationList = 80FDABDE2CFE124C00216637 /* Build configuration list for PBXNativeTarget "SocialMediaKstuUITests" */;
			buildPhases = (
				80FDABCA2CFE124C00216637 /* Sources */,
				80FDABCB2CFE124C00216637 /* Frameworks */,
				80FDABCC2CFE124C00216637 /* Resources */,
			);
			buildRules = (
			);
			dependencies = (
				80FDABD02CFE124C00216637 /* PBXTargetDependency */,
			);
			name = SocialMediaKstuUITests;
			productName = SocialMediaKstuUITests;
			productReference = 80FDABCE2CFE124C00216637 /* SocialMediaKstuUITests.xctest */;
			productType = "com.apple.product-type.bundle.ui-testing";
		};
/* End PBXNativeTarget section */

/* Begin PBXProject section */
		80FDABA62CFE124400216637 /* Project object */ = {
			isa = PBXProject;
			attributes = {
				BuildIndependentTargetsInParallel = 1;
				LastSwiftUpdateCheck = 1510;
				LastUpgradeCheck = 1510;
				TargetAttributes = {
					80FDABAD2CFE124400216637 = {
						CreatedOnToolsVersion = 15.1;
					};
					80FDABC32CFE124B00216637 = {
						CreatedOnToolsVersion = 15.1;
						TestTargetID = 80FDABAD2CFE124400216637;
					};
					80FDABCD2CFE124C00216637 = {
						CreatedOnToolsVersion = 15.1;
						TestTargetID = 80FDABAD2CFE124400216637;
					};
				};
			};
			buildConfigurationList = 80FDABA92CFE124400216637 /* Build configuration list for PBXProject "SocialMediaKstu" */;
			compatibilityVersion = "Xcode 14.0";
			developmentRegion = en;
			hasScannedForEncodings = 0;
			knownRegions = (
				en,
				Base,
			);
			mainGroup = 80FDABA52CFE124400216637;
			packageReferences = (
				8073E05B2D0060D200A8FE77 /* XCRemoteSwiftPackageReference "firebase-ios-sdk" */,
				806272382D119DC3001F3A4B /* XCRemoteSwiftPackageReference "SnapKit" */,
				805E302B2D19D0340058B373 /* XCRemoteSwiftPackageReference "Charts" */,
			);
			productRefGroup = 80FDABAF2CFE124400216637 /* Products */;
			projectDirPath = "";
			projectRoot = "";
			targets = (
				80FDABAD2CFE124400216637 /* SocialMediaKstu */,
				80FDABC32CFE124B00216637 /* SocialMediaKstuTests */,
				80FDABCD2CFE124C00216637 /* SocialMediaKstuUITests */,
			);
		};
/* End PBXProject section */

/* Begin PBXResourcesBuildPhase section */
		80FDABAC2CFE124400216637 /* Resources */ = {
			isa = PBXResourcesBuildPhase;
			buildActionMask = 2147483647;
			files = (
				8073E0552D005C9500A8FE77 /* tilda-sans_regular.ttf in Resources */,
				8073E0542D005C9500A8FE77 /* tilda-sans_vf.ttf in Resources */,
				80FDABBE2CFE124B00216637 /* LaunchScreen.storyboard in Resources */,
				8073E0562D005C9500A8FE77 /* tilda-sans_medium.ttf in Resources */,
				806AE2A92D196D2B005ECCC7 /* Rules.html in Resources */,
				8073E04F2D005C9500A8FE77 /* tilda-sans_light.ttf in Resources */,
				80FDABBB2CFE124B00216637 /* Assets.xcassets in Resources */,
				8073E0672D00793B00A8FE77 /* GoogleService-Info.plist in Resources */,
				8073E0512D005C9500A8FE77 /* tilda-sans_extra-bold-.ttf in Resources */,
				8073E0502D005C9500A8FE77 /* tilda-sans_bold.ttf in Resources */,
				8073E0532D005C9500A8FE77 /* tilda-sans_black.ttf in Resources */,
				8073E0522D005C9500A8FE77 /* tilda-sans_semibold.ttf in Resources */,
			);
			runOnlyForDeploymentPostprocessing = 0;
		};
		80FDABC22CFE124B00216637 /* Resources */ = {
			isa = PBXResourcesBuildPhase;
			buildActionMask = 2147483647;
			files = (
			);
			runOnlyForDeploymentPostprocessing = 0;
		};
		80FDABCC2CFE124C00216637 /* Resources */ = {
			isa = PBXResourcesBuildPhase;
			buildActionMask = 2147483647;
			files = (
			);
			runOnlyForDeploymentPostprocessing = 0;
		};
/* End PBXResourcesBuildPhase section */

/* Begin PBXSourcesBuildPhase section */
		80FDABAA2CFE124400216637 /* Sources */ = {
			isa = PBXSourcesBuildPhase;
			buildActionMask = 2147483647;
			files = (
				806AE2942D1401A7005ECCC7 /* MainView.swift in Sources */,
				80FDABB62CFE124400216637 /* GameViewController.swift in Sources */,
				8073E03A2D0057B200A8FE77 /* TabBarController.swift in Sources */,
				806272302D095553001F3A4B /* LogInController.swift in Sources */,
				806AE2872D132E1B005ECCC7 /* AnimatedTextField.swift in Sources */,
				806AE28E2D13436F005ECCC7 /* RegistationModel.swift in Sources */,
				805E30312D19DAB50058B373 /* CustomUINavigationBar.swift in Sources */,
				806AE2A22D14795D005ECCC7 /* CustomSegmented.swift in Sources */,
				805E30332D19E3EF0058B373 /* File.swift in Sources */,
				806AE28C2D13387C005ECCC7 /* RegistrationView.swift in Sources */,
				806AE28A2D133508005ECCC7 /* LoginViewModel.swift in Sources */,
				80FDABB22CFE124400216637 /* AppDelegate.swift in Sources */,
				80FDABB42CFE124400216637 /* SceneDelegate.swift in Sources */,
				8073E06B2D007B6F00A8FE77 /* ProfileViewModel.swift in Sources */,
				8073E0412D00591B00A8FE77 /* MainController.swift in Sources */,
				806AE2962D1401CC005ECCC7 /* ResultView.swift in Sources */,
				806AE2A42D153DBB005ECCC7 /* ProfileController.swift in Sources */,
				805E30212D19AF5F0058B373 /* StatisticsViewController.swift in Sources */,
				806AE2A02D14741E005ECCC7 /* ProfileView.swift in Sources */,
				806AE2A62D154375005ECCC7 /* GameViewModel.swift in Sources */,
				805E30292D19C9A60058B373 /* ChartViewModel.swift in Sources */,
				806AE29A2D1411F3005ECCC7 /* DocumentController.swift in Sources */,
				806AE2852D132AF3005ECCC7 /* LoginView.swift in Sources */,
				806AE2922D140180005ECCC7 /* GameView.swift in Sources */,
				8073E06D2D007C7500A8FE77 /* StatisModel.swift in Sources */,
				806AE29C2D14120B005ECCC7 /* HistoryController.swift in Sources */,
				806AE2982D140247005ECCC7 /* ResultGameController.swift in Sources */,
				8073E0432D00593300A8FE77 /* StatisticsViewModel.swift in Sources */,
				8062722E2D09529E001F3A4B /* RegistrationController.swift in Sources */,
				8073E0652D0061DF00A8FE77 /* SplashViewController.swift in Sources */,
				805E302F2D19D73A0058B373 /* CustomTableViewCell.swift in Sources */,
			);
			runOnlyForDeploymentPostprocessing = 0;
		};
		80FDABC02CFE124B00216637 /* Sources */ = {
			isa = PBXSourcesBuildPhase;
			buildActionMask = 2147483647;
			files = (
				806AE2A72D1544DA005ECCC7 /* GameViewModel.swift in Sources */,
				80FDABC92CFE124B00216637 /* SocialMediaKstuTests.swift in Sources */,
			);
			runOnlyForDeploymentPostprocessing = 0;
		};
		80FDABCA2CFE124C00216637 /* Sources */ = {
			isa = PBXSourcesBuildPhase;
			buildActionMask = 2147483647;
			files = (
				805E302A2D19CB8E0058B373 /* StatisticsViewController.swift in Sources */,
				80FDABD32CFE124C00216637 /* SocialMediaKstuUITests.swift in Sources */,
				80FDABD52CFE124C00216637 /* SocialMediaKstuUITestsLaunchTests.swift in Sources */,
			);
			runOnlyForDeploymentPostprocessing = 0;
		};
/* End PBXSourcesBuildPhase section */

/* Begin PBXTargetDependency section */
		80FDABC62CFE124B00216637 /* PBXTargetDependency */ = {
			isa = PBXTargetDependency;
			target = 80FDABAD2CFE124400216637 /* SocialMediaKstu */;
			targetProxy = 80FDABC52CFE124B00216637 /* PBXContainerItemProxy */;
		};
		80FDABD02CFE124C00216637 /* PBXTargetDependency */ = {
			isa = PBXTargetDependency;
			target = 80FDABAD2CFE124400216637 /* SocialMediaKstu */;
			targetProxy = 80FDABCF2CFE124C00216637 /* PBXContainerItemProxy */;
		};
/* End PBXTargetDependency section */

/* Begin PBXVariantGroup section */
		80FDABBC2CFE124B00216637 /* LaunchScreen.storyboard */ = {
			isa = PBXVariantGroup;
			children = (
				80FDABBD2CFE124B00216637 /* Base */,
				805E301F2D198AE20058B373 /* en */,
			);
			name = LaunchScreen.storyboard;
			sourceTree = "<group>";
		};
/* End PBXVariantGroup section */

/* Begin XCBuildConfiguration section */
		80FDABD62CFE124C00216637 /* Debug */ = {
			isa = XCBuildConfiguration;
			buildSettings = {
				ALWAYS_SEARCH_USER_PATHS = NO;
				ASSETCATALOG_COMPILER_GENERATE_SWIFT_ASSET_SYMBOL_EXTENSIONS = YES;
				CLANG_ANALYZER_NONNULL = YES;
				CLANG_ANALYZER_NUMBER_OBJECT_CONVERSION = YES_AGGRESSIVE;
				CLANG_CXX_LANGUAGE_STANDARD = "gnu++20";
				CLANG_ENABLE_MODULES = YES;
				CLANG_ENABLE_OBJC_ARC = YES;
				CLANG_ENABLE_OBJC_WEAK = YES;
				CLANG_WARN_BLOCK_CAPTURE_AUTORELEASING = YES;
				CLANG_WARN_BOOL_CONVERSION = YES;
				CLANG_WARN_COMMA = YES;
				CLANG_WARN_CONSTANT_CONVERSION = YES;
				CLANG_WARN_DEPRECATED_OBJC_IMPLEMENTATIONS = YES;
				CLANG_WARN_DIRECT_OBJC_ISA_USAGE = YES_ERROR;
				CLANG_WARN_DOCUMENTATION_COMMENTS = YES;
				CLANG_WARN_EMPTY_BODY = YES;
				CLANG_WARN_ENUM_CONVERSION = YES;
				CLANG_WARN_INFINITE_RECURSION = YES;
				CLANG_WARN_INT_CONVERSION = YES;
				CLANG_WARN_NON_LITERAL_NULL_CONVERSION = YES;
				CLANG_WARN_OBJC_IMPLICIT_RETAIN_SELF = YES;
				CLANG_WARN_OBJC_LITERAL_CONVERSION = YES;
				CLANG_WARN_OBJC_ROOT_CLASS = YES_ERROR;
				CLANG_WARN_QUOTED_INCLUDE_IN_FRAMEWORK_HEADER = YES;
				CLANG_WARN_RANGE_LOOP_ANALYSIS = YES;
				CLANG_WARN_STRICT_PROTOTYPES = YES;
				CLANG_WARN_SUSPICIOUS_MOVE = YES;
				CLANG_WARN_UNGUARDED_AVAILABILITY = YES_AGGRESSIVE;
				CLANG_WARN_UNREACHABLE_CODE = YES;
				CLANG_WARN__DUPLICATE_METHOD_MATCH = YES;
				COPY_PHASE_STRIP = NO;
				DEBUG_INFORMATION_FORMAT = dwarf;
				ENABLE_STRICT_OBJC_MSGSEND = YES;
				ENABLE_TESTABILITY = YES;
				ENABLE_USER_SCRIPT_SANDBOXING = YES;
				GCC_C_LANGUAGE_STANDARD = gnu17;
				GCC_DYNAMIC_NO_PIC = NO;
				GCC_NO_COMMON_BLOCKS = YES;
				GCC_OPTIMIZATION_LEVEL = 0;
				GCC_PREPROCESSOR_DEFINITIONS = (
					"DEBUG=1",
					"$(inherited)",
				);
				GCC_WARN_64_TO_32_BIT_CONVERSION = YES;
				GCC_WARN_ABOUT_RETURN_TYPE = YES_ERROR;
				GCC_WARN_UNDECLARED_SELECTOR = YES;
				GCC_WARN_UNINITIALIZED_AUTOS = YES_AGGRESSIVE;
				GCC_WARN_UNUSED_FUNCTION = YES;
				GCC_WARN_UNUSED_VARIABLE = YES;
				IPHONEOS_DEPLOYMENT_TARGET = 17.2;
				LOCALIZATION_PREFERS_STRING_CATALOGS = YES;
				MTL_ENABLE_DEBUG_INFO = INCLUDE_SOURCE;
				MTL_FAST_MATH = YES;
				ONLY_ACTIVE_ARCH = YES;
				SDKROOT = iphoneos;
				SWIFT_ACTIVE_COMPILATION_CONDITIONS = "DEBUG $(inherited)";
				SWIFT_OPTIMIZATION_LEVEL = "-Onone";
			};
			name = Debug;
		};
		80FDABD72CFE124C00216637 /* Release */ = {
			isa = XCBuildConfiguration;
			buildSettings = {
				ALWAYS_SEARCH_USER_PATHS = NO;
				ASSETCATALOG_COMPILER_GENERATE_SWIFT_ASSET_SYMBOL_EXTENSIONS = YES;
				CLANG_ANALYZER_NONNULL = YES;
				CLANG_ANALYZER_NUMBER_OBJECT_CONVERSION = YES_AGGRESSIVE;
				CLANG_CXX_LANGUAGE_STANDARD = "gnu++20";
				CLANG_ENABLE_MODULES = YES;
				CLANG_ENABLE_OBJC_ARC = YES;
				CLANG_ENABLE_OBJC_WEAK = YES;
				CLANG_WARN_BLOCK_CAPTURE_AUTORELEASING = YES;
				CLANG_WARN_BOOL_CONVERSION = YES;
				CLANG_WARN_COMMA = YES;
				CLANG_WARN_CONSTANT_CONVERSION = YES;
				CLANG_WARN_DEPRECATED_OBJC_IMPLEMENTATIONS = YES;
				CLANG_WARN_DIRECT_OBJC_ISA_USAGE = YES_ERROR;
				CLANG_WARN_DOCUMENTATION_COMMENTS = YES;
				CLANG_WARN_EMPTY_BODY = YES;
				CLANG_WARN_ENUM_CONVERSION = YES;
				CLANG_WARN_INFINITE_RECURSION = YES;
				CLANG_WARN_INT_CONVERSION = YES;
				CLANG_WARN_NON_LITERAL_NULL_CONVERSION = YES;
				CLANG_WARN_OBJC_IMPLICIT_RETAIN_SELF = YES;
				CLANG_WARN_OBJC_LITERAL_CONVERSION = YES;
				CLANG_WARN_OBJC_ROOT_CLASS = YES_ERROR;
				CLANG_WARN_QUOTED_INCLUDE_IN_FRAMEWORK_HEADER = YES;
				CLANG_WARN_RANGE_LOOP_ANALYSIS = YES;
				CLANG_WARN_STRICT_PROTOTYPES = YES;
				CLANG_WARN_SUSPICIOUS_MOVE = YES;
				CLANG_WARN_UNGUARDED_AVAILABILITY = YES_AGGRESSIVE;
				CLANG_WARN_UNREACHABLE_CODE = YES;
				CLANG_WARN__DUPLICATE_METHOD_MATCH = YES;
				COPY_PHASE_STRIP = NO;
				DEBUG_INFORMATION_FORMAT = "dwarf-with-dsym";
				ENABLE_NS_ASSERTIONS = NO;
				ENABLE_STRICT_OBJC_MSGSEND = YES;
				ENABLE_USER_SCRIPT_SANDBOXING = YES;
				GCC_C_LANGUAGE_STANDARD = gnu17;
				GCC_NO_COMMON_BLOCKS = YES;
				GCC_WARN_64_TO_32_BIT_CONVERSION = YES;
				GCC_WARN_ABOUT_RETURN_TYPE = YES_ERROR;
				GCC_WARN_UNDECLARED_SELECTOR = YES;
				GCC_WARN_UNINITIALIZED_AUTOS = YES_AGGRESSIVE;
				GCC_WARN_UNUSED_FUNCTION = YES;
				GCC_WARN_UNUSED_VARIABLE = YES;
				IPHONEOS_DEPLOYMENT_TARGET = 17.2;
				LOCALIZATION_PREFERS_STRING_CATALOGS = YES;
				MTL_ENABLE_DEBUG_INFO = NO;
				MTL_FAST_MATH = YES;
				SDKROOT = iphoneos;
				SWIFT_COMPILATION_MODE = wholemodule;
				VALIDATE_PRODUCT = YES;
			};
			name = Release;
		};
		80FDABD92CFE124C00216637 /* Debug */ = {
			isa = XCBuildConfiguration;
			buildSettings = {
				ASSETCATALOG_COMPILER_APPICON_NAME = AppIcon;
				ASSETCATALOG_COMPILER_GLOBAL_ACCENT_COLOR_NAME = AccentColor;
				CODE_SIGN_STYLE = Automatic;
				CURRENT_PROJECT_VERSION = 1;
				DEVELOPMENT_TEAM = 7TA9LBQP7D;
				GENERATE_INFOPLIST_FILE = YES;
				INFOPLIST_FILE = SocialMediaKstu/Info.plist;
				INFOPLIST_KEY_CFBundleDisplayName = "Сөздүн Күшү";
				INFOPLIST_KEY_LSApplicationCategoryType = "public.app-category.word-games";
				INFOPLIST_KEY_UIApplicationSupportsIndirectInputEvents = YES;
				INFOPLIST_KEY_UILaunchStoryboardName = LaunchScreen;
				INFOPLIST_KEY_UISupportedInterfaceOrientations_iPad = "UIInterfaceOrientationPortrait UIInterfaceOrientationPortraitUpsideDown UIInterfaceOrientationLandscapeLeft UIInterfaceOrientationLandscapeRight";
				INFOPLIST_KEY_UISupportedInterfaceOrientations_iPhone = "UIInterfaceOrientationPortrait UIInterfaceOrientationLandscapeLeft UIInterfaceOrientationLandscapeRight";
				LD_RUNPATH_SEARCH_PATHS = (
					"$(inherited)",
					"@executable_path/Frameworks",
				);
				MARKETING_VERSION = 1.0;
				PRODUCT_BUNDLE_IDENTIFIER = kstuAM.SocialMediaKstu;
				PRODUCT_NAME = "$(TARGET_NAME)";
				SWIFT_EMIT_LOC_STRINGS = YES;
				SWIFT_VERSION = 5.0;
				TARGETED_DEVICE_FAMILY = "1,2";
			};
			name = Debug;
		};
		80FDABDA2CFE124C00216637 /* Release */ = {
			isa = XCBuildConfiguration;
			buildSettings = {
				ASSETCATALOG_COMPILER_APPICON_NAME = AppIcon;
				ASSETCATALOG_COMPILER_GLOBAL_ACCENT_COLOR_NAME = AccentColor;
				CODE_SIGN_STYLE = Automatic;
				CURRENT_PROJECT_VERSION = 1;
				DEVELOPMENT_TEAM = 7TA9LBQP7D;
				GENERATE_INFOPLIST_FILE = YES;
				INFOPLIST_FILE = SocialMediaKstu/Info.plist;
				INFOPLIST_KEY_CFBundleDisplayName = "Сөздүн Күшү";
				INFOPLIST_KEY_LSApplicationCategoryType = "public.app-category.word-games";
				INFOPLIST_KEY_UIApplicationSupportsIndirectInputEvents = YES;
				INFOPLIST_KEY_UILaunchStoryboardName = LaunchScreen;
				INFOPLIST_KEY_UISupportedInterfaceOrientations_iPad = "UIInterfaceOrientationPortrait UIInterfaceOrientationPortraitUpsideDown UIInterfaceOrientationLandscapeLeft UIInterfaceOrientationLandscapeRight";
				INFOPLIST_KEY_UISupportedInterfaceOrientations_iPhone = "UIInterfaceOrientationPortrait UIInterfaceOrientationLandscapeLeft UIInterfaceOrientationLandscapeRight";
				LD_RUNPATH_SEARCH_PATHS = (
					"$(inherited)",
					"@executable_path/Frameworks",
				);
				MARKETING_VERSION = 1.0;
				PRODUCT_BUNDLE_IDENTIFIER = kstuAM.SocialMediaKstu;
				PRODUCT_NAME = "$(TARGET_NAME)";
				SWIFT_EMIT_LOC_STRINGS = YES;
				SWIFT_VERSION = 5.0;
				TARGETED_DEVICE_FAMILY = "1,2";
			};
			name = Release;
		};
		80FDABDC2CFE124C00216637 /* Debug */ = {
			isa = XCBuildConfiguration;
			buildSettings = {
				ALWAYS_EMBED_SWIFT_STANDARD_LIBRARIES = YES;
				BUNDLE_LOADER = "$(TEST_HOST)";
				CODE_SIGN_STYLE = Automatic;
				CURRENT_PROJECT_VERSION = 1;
				DEVELOPMENT_TEAM = 7TA9LBQP7D;
				GENERATE_INFOPLIST_FILE = YES;
				IPHONEOS_DEPLOYMENT_TARGET = 17.2;
				MARKETING_VERSION = 1.0;
				PRODUCT_BUNDLE_IDENTIFIER = kstuAM.SocialMediaKstuTests;
				PRODUCT_NAME = "$(TARGET_NAME)";
				SWIFT_EMIT_LOC_STRINGS = NO;
				SWIFT_VERSION = 5.0;
				TARGETED_DEVICE_FAMILY = "1,2";
				TEST_HOST = "$(BUILT_PRODUCTS_DIR)/SocialMediaKstu.app/$(BUNDLE_EXECUTABLE_FOLDER_PATH)/SocialMediaKstu";
			};
			name = Debug;
		};
		80FDABDD2CFE124C00216637 /* Release */ = {
			isa = XCBuildConfiguration;
			buildSettings = {
				ALWAYS_EMBED_SWIFT_STANDARD_LIBRARIES = YES;
				BUNDLE_LOADER = "$(TEST_HOST)";
				CODE_SIGN_STYLE = Automatic;
				CURRENT_PROJECT_VERSION = 1;
				DEVELOPMENT_TEAM = 7TA9LBQP7D;
				GENERATE_INFOPLIST_FILE = YES;
				IPHONEOS_DEPLOYMENT_TARGET = 17.2;
				MARKETING_VERSION = 1.0;
				PRODUCT_BUNDLE_IDENTIFIER = kstuAM.SocialMediaKstuTests;
				PRODUCT_NAME = "$(TARGET_NAME)";
				SWIFT_EMIT_LOC_STRINGS = NO;
				SWIFT_VERSION = 5.0;
				TARGETED_DEVICE_FAMILY = "1,2";
				TEST_HOST = "$(BUILT_PRODUCTS_DIR)/SocialMediaKstu.app/$(BUNDLE_EXECUTABLE_FOLDER_PATH)/SocialMediaKstu";
			};
			name = Release;
		};
		80FDABDF2CFE124C00216637 /* Debug */ = {
			isa = XCBuildConfiguration;
			buildSettings = {
				ALWAYS_EMBED_SWIFT_STANDARD_LIBRARIES = YES;
				CODE_SIGN_STYLE = Automatic;
				CURRENT_PROJECT_VERSION = 1;
				DEVELOPMENT_TEAM = 7TA9LBQP7D;
				GENERATE_INFOPLIST_FILE = YES;
				MARKETING_VERSION = 1.0;
				PRODUCT_BUNDLE_IDENTIFIER = kstuAM.SocialMediaKstuUITests;
				PRODUCT_NAME = "$(TARGET_NAME)";
				SWIFT_EMIT_LOC_STRINGS = NO;
				SWIFT_VERSION = 5.0;
				TARGETED_DEVICE_FAMILY = "1,2";
				TEST_TARGET_NAME = SocialMediaKstu;
			};
			name = Debug;
		};
		80FDABE02CFE124C00216637 /* Release */ = {
			isa = XCBuildConfiguration;
			buildSettings = {
				ALWAYS_EMBED_SWIFT_STANDARD_LIBRARIES = YES;
				CODE_SIGN_STYLE = Automatic;
				CURRENT_PROJECT_VERSION = 1;
				DEVELOPMENT_TEAM = 7TA9LBQP7D;
				GENERATE_INFOPLIST_FILE = YES;
				MARKETING_VERSION = 1.0;
				PRODUCT_BUNDLE_IDENTIFIER = kstuAM.SocialMediaKstuUITests;
				PRODUCT_NAME = "$(TARGET_NAME)";
				SWIFT_EMIT_LOC_STRINGS = NO;
				SWIFT_VERSION = 5.0;
				TARGETED_DEVICE_FAMILY = "1,2";
				TEST_TARGET_NAME = SocialMediaKstu;
			};
			name = Release;
		};
/* End XCBuildConfiguration section */

/* Begin XCConfigurationList section */
		80FDABA92CFE124400216637 /* Build configuration list for PBXProject "SocialMediaKstu" */ = {
			isa = XCConfigurationList;
			buildConfigurations = (
				80FDABD62CFE124C00216637 /* Debug */,
				80FDABD72CFE124C00216637 /* Release */,
			);
			defaultConfigurationIsVisible = 0;
			defaultConfigurationName = Release;
		};
		80FDABD82CFE124C00216637 /* Build configuration list for PBXNativeTarget "SocialMediaKstu" */ = {
			isa = XCConfigurationList;
			buildConfigurations = (
				80FDABD92CFE124C00216637 /* Debug */,
				80FDABDA2CFE124C00216637 /* Release */,
			);
			defaultConfigurationIsVisible = 0;
			defaultConfigurationName = Release;
		};
		80FDABDB2CFE124C00216637 /* Build configuration list for PBXNativeTarget "SocialMediaKstuTests" */ = {
			isa = XCConfigurationList;
			buildConfigurations = (
				80FDABDC2CFE124C00216637 /* Debug */,
				80FDABDD2CFE124C00216637 /* Release */,
			);
			defaultConfigurationIsVisible = 0;
			defaultConfigurationName = Release;
		};
		80FDABDE2CFE124C00216637 /* Build configuration list for PBXNativeTarget "SocialMediaKstuUITests" */ = {
			isa = XCConfigurationList;
			buildConfigurations = (
				80FDABDF2CFE124C00216637 /* Debug */,
				80FDABE02CFE124C00216637 /* Release */,
			);
			defaultConfigurationIsVisible = 0;
			defaultConfigurationName = Release;
		};
/* End XCConfigurationList section */

/* Begin XCRemoteSwiftPackageReference section */
		805E302B2D19D0340058B373 /* XCRemoteSwiftPackageReference "Charts" */ = {
			isa = XCRemoteSwiftPackageReference;
			repositoryURL = "https://github.com/ChartsOrg/Charts";
			requirement = {
				kind = upToNextMajorVersion;
				minimumVersion = 5.1.0;
			};
		};
		806272382D119DC3001F3A4B /* XCRemoteSwiftPackageReference "SnapKit" */ = {
			isa = XCRemoteSwiftPackageReference;
			repositoryURL = "https://github.com/SnapKit/SnapKit.git";
			requirement = {
				kind = upToNextMajorVersion;
				minimumVersion = 5.7.1;
			};
		};
		8073E05B2D0060D200A8FE77 /* XCRemoteSwiftPackageReference "firebase-ios-sdk" */ = {
			isa = XCRemoteSwiftPackageReference;
			repositoryURL = "https://github.com/firebase/firebase-ios-sdk";
			requirement = {
				kind = upToNextMajorVersion;
				minimumVersion = 11.6.0;
			};
		};
/* End XCRemoteSwiftPackageReference section */

/* Begin XCSwiftPackageProductDependency section */
		805E302C2D19D36F0058B373 /* DGCharts */ = {
			isa = XCSwiftPackageProductDependency;
			package = 805E302B2D19D0340058B373 /* XCRemoteSwiftPackageReference "Charts" */;
			productName = DGCharts;
		};
		806272392D119DC3001F3A4B /* SnapKit */ = {
			isa = XCSwiftPackageProductDependency;
			package = 806272382D119DC3001F3A4B /* XCRemoteSwiftPackageReference "SnapKit" */;
			productName = SnapKit;
		};
		806AE29D2D1412D0005ECCC7 /* FirebaseDatabase */ = {
			isa = XCSwiftPackageProductDependency;
			package = 8073E05B2D0060D200A8FE77 /* XCRemoteSwiftPackageReference "firebase-ios-sdk" */;
			productName = FirebaseDatabase;
		};
		8073E05C2D0060D200A8FE77 /* FirebaseAuth */ = {
			isa = XCSwiftPackageProductDependency;
			package = 8073E05B2D0060D200A8FE77 /* XCRemoteSwiftPackageReference "firebase-ios-sdk" */;
			productName = FirebaseAuth;
		};
		8073E05E2D0060D200A8FE77 /* FirebaseCore */ = {
			isa = XCSwiftPackageProductDependency;
			package = 8073E05B2D0060D200A8FE77 /* XCRemoteSwiftPackageReference "firebase-ios-sdk" */;
			productName = FirebaseCore;
		};
		8073E0602D0060D200A8FE77 /* FirebaseFirestore */ = {
			isa = XCSwiftPackageProductDependency;
			package = 8073E05B2D0060D200A8FE77 /* XCRemoteSwiftPackageReference "firebase-ios-sdk" */;
			productName = FirebaseFirestore;
		};
		8073E0622D0060D200A8FE77 /* FirebaseStorage */ = {
			isa = XCSwiftPackageProductDependency;
			package = 8073E05B2D0060D200A8FE77 /* XCRemoteSwiftPackageReference "firebase-ios-sdk" */;
			productName = FirebaseStorage;
		};
/* End XCSwiftPackageProductDependency section */
	};
	rootObject = 80FDABA62CFE124400216637 /* Project object */;
}
